
Microsoft Visual Studio Solution File, Format Version 12.00
# Visual Studio Version 17
VisualStudioVersion = 17.0.32014.148
MinimumVisualStudioVersion = 10.0.40219.1
Project("{FAE04EC0-301F-11D3-BF4B-00C04F79EFBC}") = "PDFCertificateConsole", "PDFCertificateConsole\PDFCertificateConsole.csproj", "{B12048AA-0872-45AB-BD2C-4C84CF101437}"
EndProject
Project("{FAE04EC0-301F-11D3-BF4B-00C04F79EFBC}") = "PDFCertificateWeb", "PDFCertificateWeb\PDFCertificateWeb.csproj", "{6DC8A5D2-6C92-48FC-9AE9-858FDB8C9ECD}"
EndProject
Global
	GlobalSection(SolutionConfigurationPlatforms) = preSolution
		Debug|Any CPU = Debug|Any CPU
		Release|Any CPU = Release|Any CPU
	EndGlobalSection
	GlobalSection(ProjectConfigurationPlatforms) = postSolution
		{B12048AA-0872-45AB-BD2C-4C84CF101437}.Debug|Any CPU.ActiveCfg = Debug|Any CPU
		{B12048AA-0872-45AB-BD2C-4C84CF101437}.Debug|Any CPU.Build.0 = Debug|Any CPU
		{B12048AA-0872-45AB-BD2C-4C84CF101437}.Release|Any CPU.ActiveCfg = Release|Any CPU
		{B12048AA-0872-45AB-BD2C-4C84CF101437}.Release|Any CPU.Build.0 = Release|Any CPU
		{6DC8A5D2-6C92-48FC-9AE9-858FDB8C9ECD}.Debug|Any CPU.ActiveCfg = Debug|Any CPU
		{6DC8A5D2-6C92-48FC-9AE9-858FDB8C9ECD}.Debug|Any CPU.Build.0 = Debug|Any CPU
		{6DC8A5D2-6C92-48FC-9AE9-858FDB8C9ECD}.Release|Any CPU.ActiveCfg = Release|Any CPU
		{6DC8A5D2-6C92-48FC-9AE9-858FDB8C9ECD}.Release|Any CPU.Build.0 = Release|Any CPU
	EndGlobalSection
	GlobalSection(SolutionProperties) = preSolution
		HideSolutionNode = FALSE
	EndGlobalSection
	GlobalSection(ExtensibilityGlobals) = postSolution
		SolutionGuid = {3A2535B9-5212-4992-BE4E-078B255E1289}
	EndGlobalSection
EndGlobal
